
Microsoft Visual Studio Solution File, Format Version 12.00
# Visual Studio Version 17
VisualStudioVersion = 17.9.34714.143
MinimumVisualStudioVersion = 10.0.40219.1
Project("{2150E333-8FDC-42A3-9474-1A3956D46DE8}") = "src", "src", "{3AC3F861-2B44-4B76-8240-CA9EC4F8FFFE}"
EndProject
Project("{2150E333-8FDC-42A3-9474-1A3956D46DE8}") = "common", "common", "{602CDB5E-3EA4-4D91-A9C0-B32D35E47673}"
EndProject
Project("{9A19103F-16F7-4668-BE54-9A1E7A4F7556}") = "WebApi", "src\WebApi\WebApi.csproj", "{91D0A82B-6D81-4F11-86FA-83FEEBF7E6C7}"
EndProject
Project("{9A19103F-16F7-4668-BE54-9A1E7A4F7556}") = "Application", "src\Application\Application.csproj", "{E96CFE80-1475-47A6-A835-698BBA0F01DD}"
EndProject
Project("{9A19103F-16F7-4668-BE54-9A1E7A4F7556}") = "Domain", "src\Domain\Domain.csproj", "{446964D3-37BB-479A-9EBD-E2311125B446}"
EndProject
Project("{9A19103F-16F7-4668-BE54-9A1E7A4F7556}") = "Infrastructure", "src\Infrastructure\Infrastructure.csproj", "{3BE2D857-0A8F-4C7A-A6EB-0B62A2B28C6E}"
EndProject
Project("{9A19103F-16F7-4668-BE54-9A1E7A4F7556}") = "PresentationFacade", "src\PresentationFacade\PresentationFacade.csproj", "{C8A505D3-E759-4627-91D3-5E63DCBB45AE}"
EndProject
Project("{9A19103F-16F7-4668-BE54-9A1E7A4F7556}") = "Query", "src\Query\Query.csproj", "{EB778F08-A3D1-456F-B60D-F48CDB54A77B}"
EndProject
Project("{9A19103F-16F7-4668-BE54-9A1E7A4F7556}") = "Config", "src\Config\Config.csproj", "{8AFFE68C-DD0C-4E19-B34F-ABD4F8110A31}"
EndProject
Project("{9A19103F-16F7-4668-BE54-9A1E7A4F7556}") = "Common.Domain", "common\Common.Domain\Common.Domain.csproj", "{72E1EE6A-E5C7-4ACA-9EED-F19CE740F50E}"
EndProject
Project("{9A19103F-16F7-4668-BE54-9A1E7A4F7556}") = "Common.Application", "common\Common.Application\Common.Application.csproj", "{F4DDD5B8-B4E2-4D66-9B87-6AD8714A37F5}"
EndProject
Project("{9A19103F-16F7-4668-BE54-9A1E7A4F7556}") = "Common.Query", "common\Common.Query\Common.Query.csproj", "{9A810D7E-CBF5-47E8-8910-11D239205AE8}"
EndProject
Project("{E53339B2-1760-4266-BCC7-CA923CBCF16C}") = "docker-compose", "docker-compose.dcproj", "{679BE42F-1AC8-4E50-9810-C3848A5AF12F}"
EndProject
Global
	GlobalSection(SolutionConfigurationPlatforms) = preSolution
		Debug|Any CPU = Debug|Any CPU
		Release|Any CPU = Release|Any CPU
	EndGlobalSection
	GlobalSection(ProjectConfigurationPlatforms) = postSolution
		{91D0A82B-6D81-4F11-86FA-83FEEBF7E6C7}.Debug|Any CPU.ActiveCfg = Debug|Any CPU
		{91D0A82B-6D81-4F11-86FA-83FEEBF7E6C7}.Debug|Any CPU.Build.0 = Debug|Any CPU
		{91D0A82B-6D81-4F11-86FA-83FEEBF7E6C7}.Release|Any CPU.ActiveCfg = Release|Any CPU
		{91D0A82B-6D81-4F11-86FA-83FEEBF7E6C7}.Release|Any CPU.Build.0 = Release|Any CPU
		{E96CFE80-1475-47A6-A835-698BBA0F01DD}.Debug|Any CPU.ActiveCfg = Debug|Any CPU
		{E96CFE80-1475-47A6-A835-698BBA0F01DD}.Debug|Any CPU.Build.0 = Debug|Any CPU
		{E96CFE80-1475-47A6-A835-698BBA0F01DD}.Release|Any CPU.ActiveCfg = Release|Any CPU
		{E96CFE80-1475-47A6-A835-698BBA0F01DD}.Release|Any CPU.Build.0 = Release|Any CPU
		{446964D3-37BB-479A-9EBD-E2311125B446}.Debug|Any CPU.ActiveCfg = Debug|Any CPU
		{446964D3-37BB-479A-9EBD-E2311125B446}.Debug|Any CPU.Build.0 = Debug|Any CPU
		{446964D3-37BB-479A-9EBD-E2311125B446}.Release|Any CPU.ActiveCfg = Release|Any CPU
		{446964D3-37BB-479A-9EBD-E2311125B446}.Release|Any CPU.Build.0 = Release|Any CPU
		{3BE2D857-0A8F-4C7A-A6EB-0B62A2B28C6E}.Debug|Any CPU.ActiveCfg = Debug|Any CPU
		{3BE2D857-0A8F-4C7A-A6EB-0B62A2B28C6E}.Debug|Any CPU.Build.0 = Debug|Any CPU
		{3BE2D857-0A8F-4C7A-A6EB-0B62A2B28C6E}.Release|Any CPU.ActiveCfg = Release|Any CPU
		{3BE2D857-0A8F-4C7A-A6EB-0B62A2B28C6E}.Release|Any CPU.Build.0 = Release|Any CPU
		{C8A505D3-E759-4627-91D3-5E63DCBB45AE}.Debug|Any CPU.ActiveCfg = Debug|Any CPU
		{C8A505D3-E759-4627-91D3-5E63DCBB45AE}.Debug|Any CPU.Build.0 = Debug|Any CPU
		{C8A505D3-E759-4627-91D3-5E63DCBB45AE}.Release|Any CPU.ActiveCfg = Release|Any CPU
		{C8A505D3-E759-4627-91D3-5E63DCBB45AE}.Release|Any CPU.Build.0 = Release|Any CPU
		{EB778F08-A3D1-456F-B60D-F48CDB54A77B}.Debug|Any CPU.ActiveCfg = Debug|Any CPU
		{EB778F08-A3D1-456F-B60D-F48CDB54A77B}.Debug|Any CPU.Build.0 = Debug|Any CPU
		{EB778F08-A3D1-456F-B60D-F48CDB54A77B}.Release|Any CPU.ActiveCfg = Release|Any CPU
		{EB778F08-A3D1-456F-B60D-F48CDB54A77B}.Release|Any CPU.Build.0 = Release|Any CPU
		{8AFFE68C-DD0C-4E19-B34F-ABD4F8110A31}.Debug|Any CPU.ActiveCfg = Debug|Any CPU
		{8AFFE68C-DD0C-4E19-B34F-ABD4F8110A31}.Debug|Any CPU.Build.0 = Debug|Any CPU
		{8AFFE68C-DD0C-4E19-B34F-ABD4F8110A31}.Release|Any CPU.ActiveCfg = Release|Any CPU
		{8AFFE68C-DD0C-4E19-B34F-ABD4F8110A31}.Release|Any CPU.Build.0 = Release|Any CPU
		{72E1EE6A-E5C7-4ACA-9EED-F19CE740F50E}.Debug|Any CPU.ActiveCfg = Debug|Any CPU
		{72E1EE6A-E5C7-4ACA-9EED-F19CE740F50E}.Debug|Any CPU.Build.0 = Debug|Any CPU
		{72E1EE6A-E5C7-4ACA-9EED-F19CE740F50E}.Release|Any CPU.ActiveCfg = Release|Any CPU
		{72E1EE6A-E5C7-4ACA-9EED-F19CE740F50E}.Release|Any CPU.Build.0 = Release|Any CPU
		{F4DDD5B8-B4E2-4D66-9B87-6AD8714A37F5}.Debug|Any CPU.ActiveCfg = Debug|Any CPU
		{F4DDD5B8-B4E2-4D66-9B87-6AD8714A37F5}.Debug|Any CPU.Build.0 = Debug|Any CPU
		{F4DDD5B8-B4E2-4D66-9B87-6AD8714A37F5}.Release|Any CPU.ActiveCfg = Release|Any CPU
		{F4DDD5B8-B4E2-4D66-9B87-6AD8714A37F5}.Release|Any CPU.Build.0 = Release|Any CPU
		{9A810D7E-CBF5-47E8-8910-11D239205AE8}.Debug|Any CPU.ActiveCfg = Debug|Any CPU
		{9A810D7E-CBF5-47E8-8910-11D239205AE8}.Debug|Any CPU.Build.0 = Debug|Any CPU
		{9A810D7E-CBF5-47E8-8910-11D239205AE8}.Release|Any CPU.ActiveCfg = Release|Any CPU
		{9A810D7E-CBF5-47E8-8910-11D239205AE8}.Release|Any CPU.Build.0 = Release|Any CPU
		{679BE42F-1AC8-4E50-9810-C3848A5AF12F}.Debug|Any CPU.ActiveCfg = Debug|Any CPU
		{679BE42F-1AC8-4E50-9810-C3848A5AF12F}.Debug|Any CPU.Build.0 = Debug|Any CPU
		{679BE42F-1AC8-4E50-9810-C3848A5AF12F}.Release|Any CPU.ActiveCfg = Release|Any CPU
		{679BE42F-1AC8-4E50-9810-C3848A5AF12F}.Release|Any CPU.Build.0 = Release|Any CPU
	EndGlobalSection
	GlobalSection(SolutionProperties) = preSolution
		HideSolutionNode = FALSE
	EndGlobalSection
	GlobalSection(NestedProjects) = preSolution
		{91D0A82B-6D81-4F11-86FA-83FEEBF7E6C7} = {3AC3F861-2B44-4B76-8240-CA9EC4F8FFFE}
		{E96CFE80-1475-47A6-A835-698BBA0F01DD} = {3AC3F861-2B44-4B76-8240-CA9EC4F8FFFE}
		{446964D3-37BB-479A-9EBD-E2311125B446} = {3AC3F861-2B44-4B76-8240-CA9EC4F8FFFE}
		{3BE2D857-0A8F-4C7A-A6EB-0B62A2B28C6E} = {3AC3F861-2B44-4B76-8240-CA9EC4F8FFFE}
		{C8A505D3-E759-4627-91D3-5E63DCBB45AE} = {3AC3F861-2B44-4B76-8240-CA9EC4F8FFFE}
		{EB778F08-A3D1-456F-B60D-F48CDB54A77B} = {3AC3F861-2B44-4B76-8240-CA9EC4F8FFFE}
		{8AFFE68C-DD0C-4E19-B34F-ABD4F8110A31} = {3AC3F861-2B44-4B76-8240-CA9EC4F8FFFE}
		{72E1EE6A-E5C7-4ACA-9EED-F19CE740F50E} = {602CDB5E-3EA4-4D91-A9C0-B32D35E47673}
		{F4DDD5B8-B4E2-4D66-9B87-6AD8714A37F5} = {602CDB5E-3EA4-4D91-A9C0-B32D35E47673}
		{9A810D7E-CBF5-47E8-8910-11D239205AE8} = {602CDB5E-3EA4-4D91-A9C0-B32D35E47673}
	EndGlobalSection
	GlobalSection(ExtensibilityGlobals) = postSolution
		SolutionGuid = {3D1D5281-D96F-41BD-9895-5D80600FB689}
	EndGlobalSection
EndGlobal
